
Microsoft Visual Studio Solution File, Format Version 12.00
# Visual Studio 15
VisualStudioVersion = 15.0.28307.1022
MinimumVisualStudioVersion = 10.0.40219.1
Project("{FAE04EC0-301F-11D3-BF4B-00C04F79EFBC}") = "Sum_Of_Mul", "Sum_Of_Mul\Sum_Of_Mul.csproj", "{60F2FA14-6D3D-4611-9211-30C75DAF4EE6}"
EndProject
Global
	GlobalSection(SolutionConfigurationPlatforms) = preSolution
		Debug|Any CPU = Debug|Any CPU
		Release|Any CPU = Release|Any CPU
	EndGlobalSection
	GlobalSection(ProjectConfigurationPlatforms) = postSolution
		{60F2FA14-6D3D-4611-9211-30C75DAF4EE6}.Debug|Any CPU.ActiveCfg = Debug|Any CPU
		{60F2FA14-6D3D-4611-9211-30C75DAF4EE6}.Debug|Any CPU.Build.0 = Debug|Any CPU
		{60F2FA14-6D3D-4611-9211-30C75DAF4EE6}.Release|Any CPU.ActiveCfg = Release|Any CPU
		{60F2FA14-6D3D-4611-9211-30C75DAF4EE6}.Release|Any CPU.Build.0 = Release|Any CPU
	EndGlobalSection
	GlobalSection(SolutionProperties) = preSolution
		HideSolutionNode = FALSE
	EndGlobalSection
	GlobalSection(ExtensibilityGlobals) = postSolution
		SolutionGuid = {893A4A1E-098F-456A-9833-F4BDBD0513A3}
	EndGlobalSection
EndGlobal
