
Microsoft Visual Studio Solution File, Format Version 12.00
# Visual Studio 15
VisualStudioVersion = 15.0.28307.1022
MinimumVisualStudioVersion = 10.0.40219.1
Project("{FAE04EC0-301F-11D3-BF4B-00C04F79EFBC}") = "FunctionSample", "FunctionSample\FunctionSample.csproj", "{2662FAAC-1B11-4CE5-AF04-0840B3AF82D8}"
EndProject
Global
	GlobalSection(SolutionConfigurationPlatforms) = preSolution
		Debug|Any CPU = Debug|Any CPU
		Release|Any CPU = Release|Any CPU
	EndGlobalSection
	GlobalSection(ProjectConfigurationPlatforms) = postSolution
		{2662FAAC-1B11-4CE5-AF04-0840B3AF82D8}.Debug|Any CPU.ActiveCfg = Debug|Any CPU
		{2662FAAC-1B11-4CE5-AF04-0840B3AF82D8}.Debug|Any CPU.Build.0 = Debug|Any CPU
		{2662FAAC-1B11-4CE5-AF04-0840B3AF82D8}.Release|Any CPU.ActiveCfg = Release|Any CPU
		{2662FAAC-1B11-4CE5-AF04-0840B3AF82D8}.Release|Any CPU.Build.0 = Release|Any CPU
	EndGlobalSection
	GlobalSection(SolutionProperties) = preSolution
		HideSolutionNode = FALSE
	EndGlobalSection
	GlobalSection(ExtensibilityGlobals) = postSolution
		SolutionGuid = {8978AA5B-6C0F-4424-8634-11810562B0E5}
	EndGlobalSection
EndGlobal
