
Microsoft Visual Studio Solution File, Format Version 12.00
# Visual Studio 15
VisualStudioVersion = 15.0.28307.1022
MinimumVisualStudioVersion = 10.0.40219.1
Project("{FAE04EC0-301F-11D3-BF4B-00C04F79EFBC}") = "ConsoleApp2", "ConsoleApp2\ConsoleApp2.csproj", "{A60E0D2B-70D1-4C48-8AE6-19BD3F75CE5A}"
EndProject
Global
	GlobalSection(SolutionConfigurationPlatforms) = preSolution
		Debug|Any CPU = Debug|Any CPU
		Release|Any CPU = Release|Any CPU
	EndGlobalSection
	GlobalSection(ProjectConfigurationPlatforms) = postSolution
		{A60E0D2B-70D1-4C48-8AE6-19BD3F75CE5A}.Debug|Any CPU.ActiveCfg = Debug|Any CPU
		{A60E0D2B-70D1-4C48-8AE6-19BD3F75CE5A}.Debug|Any CPU.Build.0 = Debug|Any CPU
		{A60E0D2B-70D1-4C48-8AE6-19BD3F75CE5A}.Release|Any CPU.ActiveCfg = Release|Any CPU
		{A60E0D2B-70D1-4C48-8AE6-19BD3F75CE5A}.Release|Any CPU.Build.0 = Release|Any CPU
	EndGlobalSection
	GlobalSection(SolutionProperties) = preSolution
		HideSolutionNode = FALSE
	EndGlobalSection
	GlobalSection(ExtensibilityGlobals) = postSolution
		SolutionGuid = {4F0FBD5A-7BC2-4D14-B8FB-7D6C45D59771}
	EndGlobalSection
EndGlobal
